
Microsoft Visual Studio Solution File, Format Version 12.00
# Visual Studio Version 17
VisualStudioVersion = 17.8.34511.84
MinimumVisualStudioVersion = 10.0.40219.1
Project("{FAE04EC0-301F-11D3-BF4B-00C04F79EFBC}") = "project1", "project1\project1.csproj", "{2B5E0CF3-2821-46DC-9674-E3D1F11A3C09}"
EndProject
Global
	GlobalSection(SolutionConfigurationPlatforms) = preSolution
		Debug|Any CPU = Debug|Any CPU
		Release|Any CPU = Release|Any CPU
	EndGlobalSection
	GlobalSection(ProjectConfigurationPlatforms) = postSolution
		{2B5E0CF3-2821-46DC-9674-E3D1F11A3C09}.Debug|Any CPU.ActiveCfg = Debug|Any CPU
		{2B5E0CF3-2821-46DC-9674-E3D1F11A3C09}.Debug|Any CPU.Build.0 = Debug|Any CPU
		{2B5E0CF3-2821-46DC-9674-E3D1F11A3C09}.Release|Any CPU.ActiveCfg = Release|Any CPU
		{2B5E0CF3-2821-46DC-9674-E3D1F11A3C09}.Release|Any CPU.Build.0 = Release|Any CPU
	EndGlobalSection
	GlobalSection(SolutionProperties) = preSolution
		HideSolutionNode = FALSE
	EndGlobalSection
	GlobalSection(ExtensibilityGlobals) = postSolution
		SolutionGuid = {D20D2A12-4FA8-40C2-866B-3B3894AAB07A}
	EndGlobalSection
EndGlobal
