
Microsoft Visual Studio Solution File, Format Version 12.00
# Visual Studio Version 17
VisualStudioVersion = 17.8.34511.84
MinimumVisualStudioVersion = 10.0.40219.1
Project("{FAE04EC0-301F-11D3-BF4B-00C04F79EFBC}") = "DemoUserManagaement", "DemoUserManagaement\DemoUserManagaement.csproj", "{3F68ADF9-92A4-441A-9D2E-BFA6D3BCEDD1}"
EndProject
Project("{FAE04EC0-301F-11D3-BF4B-00C04F79EFBC}") = "DemoUserManagaement.DAL", "DemoUserManagaement.DAL\DemoUserManagaement.DAL.csproj", "{C690F35C-F540-4E52-8614-EEF4816DE266}"
EndProject
Project("{FAE04EC0-301F-11D3-BF4B-00C04F79EFBC}") = "DemoUserManagaement.Model", "DemoUserManagaement.Model\DemoUserManagaement.Model.csproj", "{D1ECF44B-430E-469B-B5FD-F743698B1E46}"
EndProject
Project("{FAE04EC0-301F-11D3-BF4B-00C04F79EFBC}") = "DemoUserManagaement.Business", "DemoUserManagaement.Business\DemoUserManagaement.Business.csproj", "{F994774D-BA57-4218-BB3E-A8F3C51FC5D0}"
EndProject
Project("{FAE04EC0-301F-11D3-BF4B-00C04F79EFBC}") = "DemoUserManagaement.Utils", "DemoUserManagaement.Utils\DemoUserManagaement.Utils.csproj", "{E0180292-8EF5-4205-A804-F629AEA4FF37}"
EndProject
Global
	GlobalSection(SolutionConfigurationPlatforms) = preSolution
		Debug|Any CPU = Debug|Any CPU
		Release|Any CPU = Release|Any CPU
	EndGlobalSection
	GlobalSection(ProjectConfigurationPlatforms) = postSolution
		{3F68ADF9-92A4-441A-9D2E-BFA6D3BCEDD1}.Debug|Any CPU.ActiveCfg = Debug|Any CPU
		{3F68ADF9-92A4-441A-9D2E-BFA6D3BCEDD1}.Debug|Any CPU.Build.0 = Debug|Any CPU
		{3F68ADF9-92A4-441A-9D2E-BFA6D3BCEDD1}.Release|Any CPU.ActiveCfg = Release|Any CPU
		{3F68ADF9-92A4-441A-9D2E-BFA6D3BCEDD1}.Release|Any CPU.Build.0 = Release|Any CPU
		{C690F35C-F540-4E52-8614-EEF4816DE266}.Debug|Any CPU.ActiveCfg = Debug|Any CPU
		{C690F35C-F540-4E52-8614-EEF4816DE266}.Debug|Any CPU.Build.0 = Debug|Any CPU
		{C690F35C-F540-4E52-8614-EEF4816DE266}.Release|Any CPU.ActiveCfg = Release|Any CPU
		{C690F35C-F540-4E52-8614-EEF4816DE266}.Release|Any CPU.Build.0 = Release|Any CPU
		{D1ECF44B-430E-469B-B5FD-F743698B1E46}.Debug|Any CPU.ActiveCfg = Debug|Any CPU
		{D1ECF44B-430E-469B-B5FD-F743698B1E46}.Debug|Any CPU.Build.0 = Debug|Any CPU
		{D1ECF44B-430E-469B-B5FD-F743698B1E46}.Release|Any CPU.ActiveCfg = Release|Any CPU
		{D1ECF44B-430E-469B-B5FD-F743698B1E46}.Release|Any CPU.Build.0 = Release|Any CPU
		{F994774D-BA57-4218-BB3E-A8F3C51FC5D0}.Debug|Any CPU.ActiveCfg = Debug|Any CPU
		{F994774D-BA57-4218-BB3E-A8F3C51FC5D0}.Debug|Any CPU.Build.0 = Debug|Any CPU
		{F994774D-BA57-4218-BB3E-A8F3C51FC5D0}.Release|Any CPU.ActiveCfg = Release|Any CPU
		{F994774D-BA57-4218-BB3E-A8F3C51FC5D0}.Release|Any CPU.Build.0 = Release|Any CPU
		{E0180292-8EF5-4205-A804-F629AEA4FF37}.Debug|Any CPU.ActiveCfg = Debug|Any CPU
		{E0180292-8EF5-4205-A804-F629AEA4FF37}.Debug|Any CPU.Build.0 = Debug|Any CPU
		{E0180292-8EF5-4205-A804-F629AEA4FF37}.Release|Any CPU.ActiveCfg = Release|Any CPU
		{E0180292-8EF5-4205-A804-F629AEA4FF37}.Release|Any CPU.Build.0 = Release|Any CPU
	EndGlobalSection
	GlobalSection(SolutionProperties) = preSolution
		HideSolutionNode = FALSE
	EndGlobalSection
	GlobalSection(ExtensibilityGlobals) = postSolution
		SolutionGuid = {95E7011E-8B76-4DA3-B583-64A7EE3CB570}
	EndGlobalSection
EndGlobal
