
Microsoft Visual Studio Solution File, Format Version 12.00
# Visual Studio Version 17
VisualStudioVersion = 17.8.34511.84
MinimumVisualStudioVersion = 10.0.40219.1
Project("{FAE04EC0-301F-11D3-BF4B-00C04F79EFBC}") = "LinqExample", "LinqExample\LinqExample.csproj", "{B5819CB9-2BCE-4C82-AEAE-A81A58BF416A}"
EndProject
Global
	GlobalSection(SolutionConfigurationPlatforms) = preSolution
		Debug|Any CPU = Debug|Any CPU
		Release|Any CPU = Release|Any CPU
	EndGlobalSection
	GlobalSection(ProjectConfigurationPlatforms) = postSolution
		{B5819CB9-2BCE-4C82-AEAE-A81A58BF416A}.Debug|Any CPU.ActiveCfg = Debug|Any CPU
		{B5819CB9-2BCE-4C82-AEAE-A81A58BF416A}.Debug|Any CPU.Build.0 = Debug|Any CPU
		{B5819CB9-2BCE-4C82-AEAE-A81A58BF416A}.Release|Any CPU.ActiveCfg = Release|Any CPU
		{B5819CB9-2BCE-4C82-AEAE-A81A58BF416A}.Release|Any CPU.Build.0 = Release|Any CPU
	EndGlobalSection
	GlobalSection(SolutionProperties) = preSolution
		HideSolutionNode = FALSE
	EndGlobalSection
	GlobalSection(ExtensibilityGlobals) = postSolution
		SolutionGuid = {BDF32D0B-D614-4A25-AAD8-AA28C43A27E0}
	EndGlobalSection
EndGlobal
