
Microsoft Visual Studio Solution File, Format Version 12.00
# Visual Studio Version 17
VisualStudioVersion = 17.8.34511.84
MinimumVisualStudioVersion = 10.0.40219.1
Project("{FAE04EC0-301F-11D3-BF4B-00C04F79EFBC}") = "WebApplication1", "WebApplication1\WebApplication1.csproj", "{0C2616FA-5B9C-4B88-9A06-9AD76E2579C3}"
EndProject
Global
	GlobalSection(SolutionConfigurationPlatforms) = preSolution
		Debug|Any CPU = Debug|Any CPU
		Release|Any CPU = Release|Any CPU
	EndGlobalSection
	GlobalSection(ProjectConfigurationPlatforms) = postSolution
		{0C2616FA-5B9C-4B88-9A06-9AD76E2579C3}.Debug|Any CPU.ActiveCfg = Debug|Any CPU
		{0C2616FA-5B9C-4B88-9A06-9AD76E2579C3}.Debug|Any CPU.Build.0 = Debug|Any CPU
		{0C2616FA-5B9C-4B88-9A06-9AD76E2579C3}.Release|Any CPU.ActiveCfg = Release|Any CPU
		{0C2616FA-5B9C-4B88-9A06-9AD76E2579C3}.Release|Any CPU.Build.0 = Release|Any CPU
	EndGlobalSection
	GlobalSection(SolutionProperties) = preSolution
		HideSolutionNode = FALSE
	EndGlobalSection
	GlobalSection(ExtensibilityGlobals) = postSolution
		SolutionGuid = {EA2935B0-B626-4990-8375-BA930F78965E}
	EndGlobalSection
EndGlobal
