
Microsoft Visual Studio Solution File, Format Version 12.00
# Visual Studio Version 17
VisualStudioVersion = 17.8.34511.84
MinimumVisualStudioVersion = 10.0.40219.1
Project("{9A19103F-16F7-4668-BE54-9A1E7A4F7556}") = "PracCrudLayerMvcCore", "PracCrudLayerMvcCore\PracCrudLayerMvcCore.csproj", "{B57386CB-1547-4F06-9D7E-7D50C4D07705}"
EndProject
Project("{9A19103F-16F7-4668-BE54-9A1E7A4F7556}") = "PracCrudLayerMvcCore.Models", "PracCrudLayerMvcCore.Models\PracCrudLayerMvcCore.Models.csproj", "{F2A9A424-612E-41FA-AFCA-4BE8533701B5}"
EndProject
Project("{9A19103F-16F7-4668-BE54-9A1E7A4F7556}") = "PracCrudLayerMvcCore.DAL", "PracCrudLayerMvcCore.DAL\PracCrudLayerMvcCore.DAL.csproj", "{6081DF76-62DD-48B4-A955-D0678CDE1456}"
EndProject
Project("{9A19103F-16F7-4668-BE54-9A1E7A4F7556}") = "PracCrudLayerMvcCore.Business", "PracCrudLayerMvcCore.Business\PracCrudLayerMvcCore.Business.csproj", "{2AE53F67-6E57-4075-AD11-F2B0C648D7B0}"
EndProject
Project("{FAE04EC0-301F-11D3-BF4B-00C04F79EFBC}") = "PracCrudLayerMvcCore.Logger", "PracCrudLayerMvcCore.Logger\PracCrudLayerMvcCore.Logger.csproj", "{9F51F06E-FD5A-4FB0-9689-B4813C63F45E}"
EndProject
Global
	GlobalSection(SolutionConfigurationPlatforms) = preSolution
		Debug|Any CPU = Debug|Any CPU
		Release|Any CPU = Release|Any CPU
	EndGlobalSection
	GlobalSection(ProjectConfigurationPlatforms) = postSolution
		{B57386CB-1547-4F06-9D7E-7D50C4D07705}.Debug|Any CPU.ActiveCfg = Debug|Any CPU
		{B57386CB-1547-4F06-9D7E-7D50C4D07705}.Debug|Any CPU.Build.0 = Debug|Any CPU
		{B57386CB-1547-4F06-9D7E-7D50C4D07705}.Release|Any CPU.ActiveCfg = Release|Any CPU
		{B57386CB-1547-4F06-9D7E-7D50C4D07705}.Release|Any CPU.Build.0 = Release|Any CPU
		{F2A9A424-612E-41FA-AFCA-4BE8533701B5}.Debug|Any CPU.ActiveCfg = Debug|Any CPU
		{F2A9A424-612E-41FA-AFCA-4BE8533701B5}.Debug|Any CPU.Build.0 = Debug|Any CPU
		{F2A9A424-612E-41FA-AFCA-4BE8533701B5}.Release|Any CPU.ActiveCfg = Release|Any CPU
		{F2A9A424-612E-41FA-AFCA-4BE8533701B5}.Release|Any CPU.Build.0 = Release|Any CPU
		{6081DF76-62DD-48B4-A955-D0678CDE1456}.Debug|Any CPU.ActiveCfg = Debug|Any CPU
		{6081DF76-62DD-48B4-A955-D0678CDE1456}.Debug|Any CPU.Build.0 = Debug|Any CPU
		{6081DF76-62DD-48B4-A955-D0678CDE1456}.Release|Any CPU.ActiveCfg = Release|Any CPU
		{6081DF76-62DD-48B4-A955-D0678CDE1456}.Release|Any CPU.Build.0 = Release|Any CPU
		{2AE53F67-6E57-4075-AD11-F2B0C648D7B0}.Debug|Any CPU.ActiveCfg = Debug|Any CPU
		{2AE53F67-6E57-4075-AD11-F2B0C648D7B0}.Debug|Any CPU.Build.0 = Debug|Any CPU
		{2AE53F67-6E57-4075-AD11-F2B0C648D7B0}.Release|Any CPU.ActiveCfg = Release|Any CPU
		{2AE53F67-6E57-4075-AD11-F2B0C648D7B0}.Release|Any CPU.Build.0 = Release|Any CPU
		{9F51F06E-FD5A-4FB0-9689-B4813C63F45E}.Debug|Any CPU.ActiveCfg = Debug|Any CPU
		{9F51F06E-FD5A-4FB0-9689-B4813C63F45E}.Debug|Any CPU.Build.0 = Debug|Any CPU
		{9F51F06E-FD5A-4FB0-9689-B4813C63F45E}.Release|Any CPU.ActiveCfg = Release|Any CPU
		{9F51F06E-FD5A-4FB0-9689-B4813C63F45E}.Release|Any CPU.Build.0 = Release|Any CPU
	EndGlobalSection
	GlobalSection(SolutionProperties) = preSolution
		HideSolutionNode = FALSE
	EndGlobalSection
	GlobalSection(ExtensibilityGlobals) = postSolution
		SolutionGuid = {169A8243-9B24-41D8-97C1-6F816CDFC75F}
	EndGlobalSection
EndGlobal
