
Microsoft Visual Studio Solution File, Format Version 12.00
# Visual Studio Version 17
VisualStudioVersion = 17.8.34511.84
MinimumVisualStudioVersion = 10.0.40219.1
Project("{FAE04EC0-301F-11D3-BF4B-00C04F79EFBC}") = "DemoCoreWebsite", "DemoCoreWebsite\DemoCoreWebsite.csproj", "{2F3C6E0B-37B7-4C55-BA5F-21F447D98AD5}"
EndProject
Global
	GlobalSection(SolutionConfigurationPlatforms) = preSolution
		Debug|Any CPU = Debug|Any CPU
		Release|Any CPU = Release|Any CPU
	EndGlobalSection
	GlobalSection(ProjectConfigurationPlatforms) = postSolution
		{2F3C6E0B-37B7-4C55-BA5F-21F447D98AD5}.Debug|Any CPU.ActiveCfg = Debug|Any CPU
		{2F3C6E0B-37B7-4C55-BA5F-21F447D98AD5}.Debug|Any CPU.Build.0 = Debug|Any CPU
		{2F3C6E0B-37B7-4C55-BA5F-21F447D98AD5}.Release|Any CPU.ActiveCfg = Release|Any CPU
		{2F3C6E0B-37B7-4C55-BA5F-21F447D98AD5}.Release|Any CPU.Build.0 = Release|Any CPU
	EndGlobalSection
	GlobalSection(SolutionProperties) = preSolution
		HideSolutionNode = FALSE
	EndGlobalSection
	GlobalSection(ExtensibilityGlobals) = postSolution
		SolutionGuid = {7187E4FE-BECF-4B8C-937D-967D35E8DBC2}
	EndGlobalSection
EndGlobal
